# THIS IS AN AUTOGENERATED FILE. DO NOT EDIT THIS FILE DIRECTLY.
# yarn lockfile v1


"@hendrikytt/api-contracts@^1.0.52":
  version "1.0.52"
  resolved "https://registry.yarnpkg.com/@hendrikytt/api-contracts/-/api-contracts-1.0.52.tgz#85070353e231ce9d7d661101c66774cb25c4edfb"
  integrity sha512-GJg9ycJuGTx2xBA60rMi/ZWOC6vESaURvz72XtDhQF0Rl96b+AvO8uTPibGAcgms4UDjb9Sc9AZUGprmxSAgkQ==

"@hendrikytt/api-contracts@^1.1.56":
  version "1.1.56"
  resolved "https://registry.yarnpkg.com/@hendrikytt/api-contracts/-/api-contracts-1.1.56.tgz#517f967b7739efefbe276ebe0a80d865cbcfa721"
  integrity sha512-FQcEfsZGNLwCyrwrEjEF4zu+py8DVl9Y72uLjTrByduJhX43RO3VKn4NTskYJTk2RCQFjtZajdnnb60EijdruA==
  dependencies:
    "@hendrikytt/api-contracts" "^1.0.52"
